
Microsoft Visual Studio Solution File, Format Version 12.00
# Visual Studio Version 17
VisualStudioVersion = 17.7.34221.43
MinimumVisualStudioVersion = 10.0.40219.1
Project("{8BC9CEB8-8B4A-11D0-8D11-00A0C91BC942}") = "test1", "test1\test1.vcxproj", "{9B7D13B3-A3F9-418F-9053-6E924726685C}"
EndProject
Global
	GlobalSection(SolutionConfigurationPlatforms) = preSolution
		Debug|x64 = Debug|x64
		Debug|x86 = Debug|x86
		Release|x64 = Release|x64
		Release|x86 = Release|x86
	EndGlobalSection
	GlobalSection(ProjectConfigurationPlatforms) = postSolution
		{9B7D13B3-A3F9-418F-9053-6E924726685C}.Debug|x64.ActiveCfg = Debug|x64
		{9B7D13B3-A3F9-418F-9053-6E924726685C}.Debug|x64.Build.0 = Debug|x64
		{9B7D13B3-A3F9-418F-9053-6E924726685C}.Debug|x86.ActiveCfg = Debug|Win32
		{9B7D13B3-A3F9-418F-9053-6E924726685C}.Debug|x86.Build.0 = Debug|Win32
		{9B7D13B3-A3F9-418F-9053-6E924726685C}.Release|x64.ActiveCfg = Release|x64
		{9B7D13B3-A3F9-418F-9053-6E924726685C}.Release|x64.Build.0 = Release|x64
		{9B7D13B3-A3F9-418F-9053-6E924726685C}.Release|x86.ActiveCfg = Release|Win32
		{9B7D13B3-A3F9-418F-9053-6E924726685C}.Release|x86.Build.0 = Release|Win32
	EndGlobalSection
	GlobalSection(SolutionProperties) = preSolution
		HideSolutionNode = FALSE
	EndGlobalSection
	GlobalSection(ExtensibilityGlobals) = postSolution
		SolutionGuid = {827D6533-6865-4A65-90A3-6D1198473BD3}
	EndGlobalSection
EndGlobal
